
Microsoft Visual Studio Solution File, Format Version 12.00
# Visual Studio 15
VisualStudioVersion = 15.0.26124.0
MinimumVisualStudioVersion = 15.0.26124.0
Project("{2150E333-8FDC-42A3-9474-1A3956D46DE8}") = "01-filter", "01-filter", "{373B7610-8E96-4D5F-B1F7-B50BA9752DF9}"
EndProject
Project("{FAE04EC0-301F-11D3-BF4B-00C04F79EFBC}") = "Exercise", "01-filter\Exercise\Exercise.csproj", "{4066DF6C-BE0C-4531-B283-08E67F7DBF37}"
EndProject
Project("{2150E333-8FDC-42A3-9474-1A3956D46DE8}") = "02-map", "02-map", "{7FC9CDB6-AF24-4BBB-99F9-DB93A0F5DE74}"
EndProject
Project("{FAE04EC0-301F-11D3-BF4B-00C04F79EFBC}") = "Exercise", "02-map\Exercise\Exercise.csproj", "{DF5704EF-A4F3-43CA-8B58-0D766756E471}"
EndProject
Project("{2150E333-8FDC-42A3-9474-1A3956D46DE8}") = "03-all", "03-all", "{190B6DBE-2C54-4882-B286-5A6A7805EDFC}"
EndProject
Project("{FAE04EC0-301F-11D3-BF4B-00C04F79EFBC}") = "Exercise", "03-all\Exercise\Exercise.csproj", "{61706E7E-5342-48A2-80EF-83EAC6554EB2}"
EndProject
Project("{2150E333-8FDC-42A3-9474-1A3956D46DE8}") = "04-any", "04-any", "{E367952A-E8E8-42B6-A581-11A57953B04C}"
EndProject
Project("{FAE04EC0-301F-11D3-BF4B-00C04F79EFBC}") = "Exercise", "04-any\Exercise\Exercise.csproj", "{D1915B93-55F7-4C1A-958C-E3CDE4085633}"
EndProject
Project("{2150E333-8FDC-42A3-9474-1A3956D46DE8}") = "05-count", "05-count", "{DA6E678C-8F26-41F0-AF68-1BF3CBFBEB5E}"
EndProject
Project("{FAE04EC0-301F-11D3-BF4B-00C04F79EFBC}") = "Exercise", "05-count\Exercise\Exercise.csproj", "{5E554BEC-DEA6-452D-81EF-C782D36A63F4}"
EndProject
Project("{2150E333-8FDC-42A3-9474-1A3956D46DE8}") = "06-find", "06-find", "{FFD19239-4CE0-4A15-AC96-34615A8052B7}"
EndProject
Project("{FAE04EC0-301F-11D3-BF4B-00C04F79EFBC}") = "Exercise", "06-find\Exercise\Exercise.csproj", "{4B61CBB3-A4DE-46E5-8F03-3F4CEDB60F54}"
EndProject
Project("{2150E333-8FDC-42A3-9474-1A3956D46DE8}") = "07-partition", "07-partition", "{D4D1A59E-41F0-4E87-9483-087579F21D01}"
EndProject
Project("{FAE04EC0-301F-11D3-BF4B-00C04F79EFBC}") = "Exercise", "07-partition\Exercise\Exercise.csproj", "{19EC1C65-A3E7-4FE6-8C8A-A81C18AA02D8}"
EndProject
Project("{2150E333-8FDC-42A3-9474-1A3956D46DE8}") = "08-reduce", "08-reduce", "{312BFF14-6D8C-4826-9D3D-FBB2C97EB04A}"
EndProject
Project("{FAE04EC0-301F-11D3-BF4B-00C04F79EFBC}") = "Exericse", "08-reduce\Exericse\Exericse.csproj", "{3C14C7A2-9B25-46D1-9EBB-07706ADD64D0}"
EndProject
Project("{2150E333-8FDC-42A3-9474-1A3956D46DE8}") = "09-minmax", "09-minmax", "{84DEB572-98B8-47C1-B91A-749C3578D423}"
EndProject
Project("{FAE04EC0-301F-11D3-BF4B-00C04F79EFBC}") = "Exercise", "09-minmax\Exercise\Exercise.csproj", "{7D900C63-775C-40AC-949E-75A8D69D9E26}"
EndProject
Project("{2150E333-8FDC-42A3-9474-1A3956D46DE8}") = "10-group", "10-group", "{26DBCCF0-79A4-4F61-8802-DC6FBB25705E}"
EndProject
Project("{FAE04EC0-301F-11D3-BF4B-00C04F79EFBC}") = "Exercise", "10-group\Exercise\Exercise.csproj", "{B8558517-C601-4193-8170-21218CD5CB40}"
EndProject
Global
	GlobalSection(SolutionConfigurationPlatforms) = preSolution
		Debug|Any CPU = Debug|Any CPU
		Debug|x64 = Debug|x64
		Debug|x86 = Debug|x86
		Release|Any CPU = Release|Any CPU
		Release|x64 = Release|x64
		Release|x86 = Release|x86
	EndGlobalSection
	GlobalSection(SolutionProperties) = preSolution
		HideSolutionNode = FALSE
	EndGlobalSection
	GlobalSection(ProjectConfigurationPlatforms) = postSolution
		{4066DF6C-BE0C-4531-B283-08E67F7DBF37}.Debug|Any CPU.ActiveCfg = Debug|Any CPU
		{4066DF6C-BE0C-4531-B283-08E67F7DBF37}.Debug|Any CPU.Build.0 = Debug|Any CPU
		{4066DF6C-BE0C-4531-B283-08E67F7DBF37}.Debug|x64.ActiveCfg = Debug|Any CPU
		{4066DF6C-BE0C-4531-B283-08E67F7DBF37}.Debug|x64.Build.0 = Debug|Any CPU
		{4066DF6C-BE0C-4531-B283-08E67F7DBF37}.Debug|x86.ActiveCfg = Debug|Any CPU
		{4066DF6C-BE0C-4531-B283-08E67F7DBF37}.Debug|x86.Build.0 = Debug|Any CPU
		{4066DF6C-BE0C-4531-B283-08E67F7DBF37}.Release|Any CPU.ActiveCfg = Release|Any CPU
		{4066DF6C-BE0C-4531-B283-08E67F7DBF37}.Release|Any CPU.Build.0 = Release|Any CPU
		{4066DF6C-BE0C-4531-B283-08E67F7DBF37}.Release|x64.ActiveCfg = Release|Any CPU
		{4066DF6C-BE0C-4531-B283-08E67F7DBF37}.Release|x64.Build.0 = Release|Any CPU
		{4066DF6C-BE0C-4531-B283-08E67F7DBF37}.Release|x86.ActiveCfg = Release|Any CPU
		{4066DF6C-BE0C-4531-B283-08E67F7DBF37}.Release|x86.Build.0 = Release|Any CPU
		{DF5704EF-A4F3-43CA-8B58-0D766756E471}.Debug|Any CPU.ActiveCfg = Debug|Any CPU
		{DF5704EF-A4F3-43CA-8B58-0D766756E471}.Debug|Any CPU.Build.0 = Debug|Any CPU
		{DF5704EF-A4F3-43CA-8B58-0D766756E471}.Debug|x64.ActiveCfg = Debug|Any CPU
		{DF5704EF-A4F3-43CA-8B58-0D766756E471}.Debug|x64.Build.0 = Debug|Any CPU
		{DF5704EF-A4F3-43CA-8B58-0D766756E471}.Debug|x86.ActiveCfg = Debug|Any CPU
		{DF5704EF-A4F3-43CA-8B58-0D766756E471}.Debug|x86.Build.0 = Debug|Any CPU
		{DF5704EF-A4F3-43CA-8B58-0D766756E471}.Release|Any CPU.ActiveCfg = Release|Any CPU
		{DF5704EF-A4F3-43CA-8B58-0D766756E471}.Release|Any CPU.Build.0 = Release|Any CPU
		{DF5704EF-A4F3-43CA-8B58-0D766756E471}.Release|x64.ActiveCfg = Release|Any CPU
		{DF5704EF-A4F3-43CA-8B58-0D766756E471}.Release|x64.Build.0 = Release|Any CPU
		{DF5704EF-A4F3-43CA-8B58-0D766756E471}.Release|x86.ActiveCfg = Release|Any CPU
		{DF5704EF-A4F3-43CA-8B58-0D766756E471}.Release|x86.Build.0 = Release|Any CPU
		{61706E7E-5342-48A2-80EF-83EAC6554EB2}.Debug|Any CPU.ActiveCfg = Debug|Any CPU
		{61706E7E-5342-48A2-80EF-83EAC6554EB2}.Debug|Any CPU.Build.0 = Debug|Any CPU
		{61706E7E-5342-48A2-80EF-83EAC6554EB2}.Debug|x64.ActiveCfg = Debug|Any CPU
		{61706E7E-5342-48A2-80EF-83EAC6554EB2}.Debug|x64.Build.0 = Debug|Any CPU
		{61706E7E-5342-48A2-80EF-83EAC6554EB2}.Debug|x86.ActiveCfg = Debug|Any CPU
		{61706E7E-5342-48A2-80EF-83EAC6554EB2}.Debug|x86.Build.0 = Debug|Any CPU
		{61706E7E-5342-48A2-80EF-83EAC6554EB2}.Release|Any CPU.ActiveCfg = Release|Any CPU
		{61706E7E-5342-48A2-80EF-83EAC6554EB2}.Release|Any CPU.Build.0 = Release|Any CPU
		{61706E7E-5342-48A2-80EF-83EAC6554EB2}.Release|x64.ActiveCfg = Release|Any CPU
		{61706E7E-5342-48A2-80EF-83EAC6554EB2}.Release|x64.Build.0 = Release|Any CPU
		{61706E7E-5342-48A2-80EF-83EAC6554EB2}.Release|x86.ActiveCfg = Release|Any CPU
		{61706E7E-5342-48A2-80EF-83EAC6554EB2}.Release|x86.Build.0 = Release|Any CPU
		{D1915B93-55F7-4C1A-958C-E3CDE4085633}.Debug|Any CPU.ActiveCfg = Debug|Any CPU
		{D1915B93-55F7-4C1A-958C-E3CDE4085633}.Debug|Any CPU.Build.0 = Debug|Any CPU
		{D1915B93-55F7-4C1A-958C-E3CDE4085633}.Debug|x64.ActiveCfg = Debug|Any CPU
		{D1915B93-55F7-4C1A-958C-E3CDE4085633}.Debug|x64.Build.0 = Debug|Any CPU
		{D1915B93-55F7-4C1A-958C-E3CDE4085633}.Debug|x86.ActiveCfg = Debug|Any CPU
		{D1915B93-55F7-4C1A-958C-E3CDE4085633}.Debug|x86.Build.0 = Debug|Any CPU
		{D1915B93-55F7-4C1A-958C-E3CDE4085633}.Release|Any CPU.ActiveCfg = Release|Any CPU
		{D1915B93-55F7-4C1A-958C-E3CDE4085633}.Release|Any CPU.Build.0 = Release|Any CPU
		{D1915B93-55F7-4C1A-958C-E3CDE4085633}.Release|x64.ActiveCfg = Release|Any CPU
		{D1915B93-55F7-4C1A-958C-E3CDE4085633}.Release|x64.Build.0 = Release|Any CPU
		{D1915B93-55F7-4C1A-958C-E3CDE4085633}.Release|x86.ActiveCfg = Release|Any CPU
		{D1915B93-55F7-4C1A-958C-E3CDE4085633}.Release|x86.Build.0 = Release|Any CPU
		{5E554BEC-DEA6-452D-81EF-C782D36A63F4}.Debug|Any CPU.ActiveCfg = Debug|Any CPU
		{5E554BEC-DEA6-452D-81EF-C782D36A63F4}.Debug|Any CPU.Build.0 = Debug|Any CPU
		{5E554BEC-DEA6-452D-81EF-C782D36A63F4}.Debug|x64.ActiveCfg = Debug|Any CPU
		{5E554BEC-DEA6-452D-81EF-C782D36A63F4}.Debug|x64.Build.0 = Debug|Any CPU
		{5E554BEC-DEA6-452D-81EF-C782D36A63F4}.Debug|x86.ActiveCfg = Debug|Any CPU
		{5E554BEC-DEA6-452D-81EF-C782D36A63F4}.Debug|x86.Build.0 = Debug|Any CPU
		{5E554BEC-DEA6-452D-81EF-C782D36A63F4}.Release|Any CPU.ActiveCfg = Release|Any CPU
		{5E554BEC-DEA6-452D-81EF-C782D36A63F4}.Release|Any CPU.Build.0 = Release|Any CPU
		{5E554BEC-DEA6-452D-81EF-C782D36A63F4}.Release|x64.ActiveCfg = Release|Any CPU
		{5E554BEC-DEA6-452D-81EF-C782D36A63F4}.Release|x64.Build.0 = Release|Any CPU
		{5E554BEC-DEA6-452D-81EF-C782D36A63F4}.Release|x86.ActiveCfg = Release|Any CPU
		{5E554BEC-DEA6-452D-81EF-C782D36A63F4}.Release|x86.Build.0 = Release|Any CPU
		{4B61CBB3-A4DE-46E5-8F03-3F4CEDB60F54}.Debug|Any CPU.ActiveCfg = Debug|Any CPU
		{4B61CBB3-A4DE-46E5-8F03-3F4CEDB60F54}.Debug|Any CPU.Build.0 = Debug|Any CPU
		{4B61CBB3-A4DE-46E5-8F03-3F4CEDB60F54}.Debug|x64.ActiveCfg = Debug|Any CPU
		{4B61CBB3-A4DE-46E5-8F03-3F4CEDB60F54}.Debug|x64.Build.0 = Debug|Any CPU
		{4B61CBB3-A4DE-46E5-8F03-3F4CEDB60F54}.Debug|x86.ActiveCfg = Debug|Any CPU
		{4B61CBB3-A4DE-46E5-8F03-3F4CEDB60F54}.Debug|x86.Build.0 = Debug|Any CPU
		{4B61CBB3-A4DE-46E5-8F03-3F4CEDB60F54}.Release|Any CPU.ActiveCfg = Release|Any CPU
		{4B61CBB3-A4DE-46E5-8F03-3F4CEDB60F54}.Release|Any CPU.Build.0 = Release|Any CPU
		{4B61CBB3-A4DE-46E5-8F03-3F4CEDB60F54}.Release|x64.ActiveCfg = Release|Any CPU
		{4B61CBB3-A4DE-46E5-8F03-3F4CEDB60F54}.Release|x64.Build.0 = Release|Any CPU
		{4B61CBB3-A4DE-46E5-8F03-3F4CEDB60F54}.Release|x86.ActiveCfg = Release|Any CPU
		{4B61CBB3-A4DE-46E5-8F03-3F4CEDB60F54}.Release|x86.Build.0 = Release|Any CPU
		{19EC1C65-A3E7-4FE6-8C8A-A81C18AA02D8}.Debug|Any CPU.ActiveCfg = Debug|Any CPU
		{19EC1C65-A3E7-4FE6-8C8A-A81C18AA02D8}.Debug|Any CPU.Build.0 = Debug|Any CPU
		{19EC1C65-A3E7-4FE6-8C8A-A81C18AA02D8}.Debug|x64.ActiveCfg = Debug|Any CPU
		{19EC1C65-A3E7-4FE6-8C8A-A81C18AA02D8}.Debug|x64.Build.0 = Debug|Any CPU
		{19EC1C65-A3E7-4FE6-8C8A-A81C18AA02D8}.Debug|x86.ActiveCfg = Debug|Any CPU
		{19EC1C65-A3E7-4FE6-8C8A-A81C18AA02D8}.Debug|x86.Build.0 = Debug|Any CPU
		{19EC1C65-A3E7-4FE6-8C8A-A81C18AA02D8}.Release|Any CPU.ActiveCfg = Release|Any CPU
		{19EC1C65-A3E7-4FE6-8C8A-A81C18AA02D8}.Release|Any CPU.Build.0 = Release|Any CPU
		{19EC1C65-A3E7-4FE6-8C8A-A81C18AA02D8}.Release|x64.ActiveCfg = Release|Any CPU
		{19EC1C65-A3E7-4FE6-8C8A-A81C18AA02D8}.Release|x64.Build.0 = Release|Any CPU
		{19EC1C65-A3E7-4FE6-8C8A-A81C18AA02D8}.Release|x86.ActiveCfg = Release|Any CPU
		{19EC1C65-A3E7-4FE6-8C8A-A81C18AA02D8}.Release|x86.Build.0 = Release|Any CPU
		{3C14C7A2-9B25-46D1-9EBB-07706ADD64D0}.Debug|Any CPU.ActiveCfg = Debug|Any CPU
		{3C14C7A2-9B25-46D1-9EBB-07706ADD64D0}.Debug|Any CPU.Build.0 = Debug|Any CPU
		{3C14C7A2-9B25-46D1-9EBB-07706ADD64D0}.Debug|x64.ActiveCfg = Debug|Any CPU
		{3C14C7A2-9B25-46D1-9EBB-07706ADD64D0}.Debug|x64.Build.0 = Debug|Any CPU
		{3C14C7A2-9B25-46D1-9EBB-07706ADD64D0}.Debug|x86.ActiveCfg = Debug|Any CPU
		{3C14C7A2-9B25-46D1-9EBB-07706ADD64D0}.Debug|x86.Build.0 = Debug|Any CPU
		{3C14C7A2-9B25-46D1-9EBB-07706ADD64D0}.Release|Any CPU.ActiveCfg = Release|Any CPU
		{3C14C7A2-9B25-46D1-9EBB-07706ADD64D0}.Release|Any CPU.Build.0 = Release|Any CPU
		{3C14C7A2-9B25-46D1-9EBB-07706ADD64D0}.Release|x64.ActiveCfg = Release|Any CPU
		{3C14C7A2-9B25-46D1-9EBB-07706ADD64D0}.Release|x64.Build.0 = Release|Any CPU
		{3C14C7A2-9B25-46D1-9EBB-07706ADD64D0}.Release|x86.ActiveCfg = Release|Any CPU
		{3C14C7A2-9B25-46D1-9EBB-07706ADD64D0}.Release|x86.Build.0 = Release|Any CPU
		{7D900C63-775C-40AC-949E-75A8D69D9E26}.Debug|Any CPU.ActiveCfg = Debug|Any CPU
		{7D900C63-775C-40AC-949E-75A8D69D9E26}.Debug|Any CPU.Build.0 = Debug|Any CPU
		{7D900C63-775C-40AC-949E-75A8D69D9E26}.Debug|x64.ActiveCfg = Debug|Any CPU
		{7D900C63-775C-40AC-949E-75A8D69D9E26}.Debug|x64.Build.0 = Debug|Any CPU
		{7D900C63-775C-40AC-949E-75A8D69D9E26}.Debug|x86.ActiveCfg = Debug|Any CPU
		{7D900C63-775C-40AC-949E-75A8D69D9E26}.Debug|x86.Build.0 = Debug|Any CPU
		{7D900C63-775C-40AC-949E-75A8D69D9E26}.Release|Any CPU.ActiveCfg = Release|Any CPU
		{7D900C63-775C-40AC-949E-75A8D69D9E26}.Release|Any CPU.Build.0 = Release|Any CPU
		{7D900C63-775C-40AC-949E-75A8D69D9E26}.Release|x64.ActiveCfg = Release|Any CPU
		{7D900C63-775C-40AC-949E-75A8D69D9E26}.Release|x64.Build.0 = Release|Any CPU
		{7D900C63-775C-40AC-949E-75A8D69D9E26}.Release|x86.ActiveCfg = Release|Any CPU
		{7D900C63-775C-40AC-949E-75A8D69D9E26}.Release|x86.Build.0 = Release|Any CPU
		{B8558517-C601-4193-8170-21218CD5CB40}.Debug|Any CPU.ActiveCfg = Debug|Any CPU
		{B8558517-C601-4193-8170-21218CD5CB40}.Debug|Any CPU.Build.0 = Debug|Any CPU
		{B8558517-C601-4193-8170-21218CD5CB40}.Debug|x64.ActiveCfg = Debug|Any CPU
		{B8558517-C601-4193-8170-21218CD5CB40}.Debug|x64.Build.0 = Debug|Any CPU
		{B8558517-C601-4193-8170-21218CD5CB40}.Debug|x86.ActiveCfg = Debug|Any CPU
		{B8558517-C601-4193-8170-21218CD5CB40}.Debug|x86.Build.0 = Debug|Any CPU
		{B8558517-C601-4193-8170-21218CD5CB40}.Release|Any CPU.ActiveCfg = Release|Any CPU
		{B8558517-C601-4193-8170-21218CD5CB40}.Release|Any CPU.Build.0 = Release|Any CPU
		{B8558517-C601-4193-8170-21218CD5CB40}.Release|x64.ActiveCfg = Release|Any CPU
		{B8558517-C601-4193-8170-21218CD5CB40}.Release|x64.Build.0 = Release|Any CPU
		{B8558517-C601-4193-8170-21218CD5CB40}.Release|x86.ActiveCfg = Release|Any CPU
		{B8558517-C601-4193-8170-21218CD5CB40}.Release|x86.Build.0 = Release|Any CPU
	EndGlobalSection
	GlobalSection(NestedProjects) = preSolution
		{4066DF6C-BE0C-4531-B283-08E67F7DBF37} = {373B7610-8E96-4D5F-B1F7-B50BA9752DF9}
		{DF5704EF-A4F3-43CA-8B58-0D766756E471} = {7FC9CDB6-AF24-4BBB-99F9-DB93A0F5DE74}
		{61706E7E-5342-48A2-80EF-83EAC6554EB2} = {190B6DBE-2C54-4882-B286-5A6A7805EDFC}
		{D1915B93-55F7-4C1A-958C-E3CDE4085633} = {E367952A-E8E8-42B6-A581-11A57953B04C}
		{5E554BEC-DEA6-452D-81EF-C782D36A63F4} = {DA6E678C-8F26-41F0-AF68-1BF3CBFBEB5E}
		{4B61CBB3-A4DE-46E5-8F03-3F4CEDB60F54} = {FFD19239-4CE0-4A15-AC96-34615A8052B7}
		{19EC1C65-A3E7-4FE6-8C8A-A81C18AA02D8} = {D4D1A59E-41F0-4E87-9483-087579F21D01}
		{3C14C7A2-9B25-46D1-9EBB-07706ADD64D0} = {312BFF14-6D8C-4826-9D3D-FBB2C97EB04A}
		{7D900C63-775C-40AC-949E-75A8D69D9E26} = {84DEB572-98B8-47C1-B91A-749C3578D423}
		{B8558517-C601-4193-8170-21218CD5CB40} = {26DBCCF0-79A4-4F61-8802-DC6FBB25705E}
	EndGlobalSection
EndGlobal
