
Microsoft Visual Studio Solution File, Format Version 12.00
# Visual Studio 15
VisualStudioVersion = 15.0.26124.0
MinimumVisualStudioVersion = 15.0.26124.0
Project("{2150E333-8FDC-42A3-9474-1A3956D46DE8}") = "01-deltas", "01-deltas", "{7A1F8F8D-3A87-4615-AA9A-0D1148616782}"
EndProject
Project("{FAE04EC0-301F-11D3-BF4B-00C04F79EFBC}") = "Exercise", "01-deltas\Exercise\Exercise.csproj", "{78FCBF19-F74A-4BDD-BB01-1F34A7D6C6F2}"
EndProject
Project("{2150E333-8FDC-42A3-9474-1A3956D46DE8}") = "02-is-increasing", "02-is-increasing", "{3CBA717E-B5DB-445A-B07A-75B9C49D7BCC}"
EndProject
Project("{FAE04EC0-301F-11D3-BF4B-00C04F79EFBC}") = "Exercise", "02-is-increasing\Exercise\Exercise.csproj", "{A385469C-5B4E-450C-9B8F-92C909896882}"
EndProject
Project("{2150E333-8FDC-42A3-9474-1A3956D46DE8}") = "03-is-stepwise", "03-is-stepwise", "{85377C8E-E07D-4262-9BB1-5AB67840592B}"
EndProject
Project("{FAE04EC0-301F-11D3-BF4B-00C04F79EFBC}") = "Exercise", "03-is-stepwise\Exercise\Exercise.csproj", "{0122080B-B9A3-4929-8831-782180D94176}"
EndProject
Project("{2150E333-8FDC-42A3-9474-1A3956D46DE8}") = "04-count-increasing-subsequences", "04-count-increasing-subsequences", "{53064305-812F-4F8F-9582-1241BDA45960}"
EndProject
Project("{FAE04EC0-301F-11D3-BF4B-00C04F79EFBC}") = "Exercise", "04-count-increasing-subsequences\Exercise\Exercise.csproj", "{330DC863-BE06-4F4B-BF75-79ADB3D54014}"
EndProject
Project("{2150E333-8FDC-42A3-9474-1A3956D46DE8}") = "05-count-turns", "05-count-turns", "{97F92710-9CEC-4DC1-920B-290336DADE93}"
EndProject
Project("{FAE04EC0-301F-11D3-BF4B-00C04F79EFBC}") = "Exercise", "05-count-turns\Exercise\Exercise.csproj", "{46D75D82-ECC7-4309-B47B-21487AC2AF99}"
EndProject
Project("{2150E333-8FDC-42A3-9474-1A3956D46DE8}") = "06-people-queries", "06-people-queries", "{DDC5A938-890C-480C-83CE-430B15A0624F}"
EndProject
Project("{FAE04EC0-301F-11D3-BF4B-00C04F79EFBC}") = "Exercise", "06-people-queries\Exercise\Exercise.csproj", "{D88BD217-41EE-4BA2-9E9D-50E2F1C95578}"
EndProject
Global
	GlobalSection(SolutionConfigurationPlatforms) = preSolution
		Debug|Any CPU = Debug|Any CPU
		Debug|x64 = Debug|x64
		Debug|x86 = Debug|x86
		Release|Any CPU = Release|Any CPU
		Release|x64 = Release|x64
		Release|x86 = Release|x86
	EndGlobalSection
	GlobalSection(SolutionProperties) = preSolution
		HideSolutionNode = FALSE
	EndGlobalSection
	GlobalSection(ProjectConfigurationPlatforms) = postSolution
		{78FCBF19-F74A-4BDD-BB01-1F34A7D6C6F2}.Debug|Any CPU.ActiveCfg = Debug|Any CPU
		{78FCBF19-F74A-4BDD-BB01-1F34A7D6C6F2}.Debug|Any CPU.Build.0 = Debug|Any CPU
		{78FCBF19-F74A-4BDD-BB01-1F34A7D6C6F2}.Debug|x64.ActiveCfg = Debug|Any CPU
		{78FCBF19-F74A-4BDD-BB01-1F34A7D6C6F2}.Debug|x64.Build.0 = Debug|Any CPU
		{78FCBF19-F74A-4BDD-BB01-1F34A7D6C6F2}.Debug|x86.ActiveCfg = Debug|Any CPU
		{78FCBF19-F74A-4BDD-BB01-1F34A7D6C6F2}.Debug|x86.Build.0 = Debug|Any CPU
		{78FCBF19-F74A-4BDD-BB01-1F34A7D6C6F2}.Release|Any CPU.ActiveCfg = Release|Any CPU
		{78FCBF19-F74A-4BDD-BB01-1F34A7D6C6F2}.Release|Any CPU.Build.0 = Release|Any CPU
		{78FCBF19-F74A-4BDD-BB01-1F34A7D6C6F2}.Release|x64.ActiveCfg = Release|Any CPU
		{78FCBF19-F74A-4BDD-BB01-1F34A7D6C6F2}.Release|x64.Build.0 = Release|Any CPU
		{78FCBF19-F74A-4BDD-BB01-1F34A7D6C6F2}.Release|x86.ActiveCfg = Release|Any CPU
		{78FCBF19-F74A-4BDD-BB01-1F34A7D6C6F2}.Release|x86.Build.0 = Release|Any CPU
		{A385469C-5B4E-450C-9B8F-92C909896882}.Debug|Any CPU.ActiveCfg = Debug|Any CPU
		{A385469C-5B4E-450C-9B8F-92C909896882}.Debug|Any CPU.Build.0 = Debug|Any CPU
		{A385469C-5B4E-450C-9B8F-92C909896882}.Debug|x64.ActiveCfg = Debug|Any CPU
		{A385469C-5B4E-450C-9B8F-92C909896882}.Debug|x64.Build.0 = Debug|Any CPU
		{A385469C-5B4E-450C-9B8F-92C909896882}.Debug|x86.ActiveCfg = Debug|Any CPU
		{A385469C-5B4E-450C-9B8F-92C909896882}.Debug|x86.Build.0 = Debug|Any CPU
		{A385469C-5B4E-450C-9B8F-92C909896882}.Release|Any CPU.ActiveCfg = Release|Any CPU
		{A385469C-5B4E-450C-9B8F-92C909896882}.Release|Any CPU.Build.0 = Release|Any CPU
		{A385469C-5B4E-450C-9B8F-92C909896882}.Release|x64.ActiveCfg = Release|Any CPU
		{A385469C-5B4E-450C-9B8F-92C909896882}.Release|x64.Build.0 = Release|Any CPU
		{A385469C-5B4E-450C-9B8F-92C909896882}.Release|x86.ActiveCfg = Release|Any CPU
		{A385469C-5B4E-450C-9B8F-92C909896882}.Release|x86.Build.0 = Release|Any CPU
		{0122080B-B9A3-4929-8831-782180D94176}.Debug|Any CPU.ActiveCfg = Debug|Any CPU
		{0122080B-B9A3-4929-8831-782180D94176}.Debug|Any CPU.Build.0 = Debug|Any CPU
		{0122080B-B9A3-4929-8831-782180D94176}.Debug|x64.ActiveCfg = Debug|Any CPU
		{0122080B-B9A3-4929-8831-782180D94176}.Debug|x64.Build.0 = Debug|Any CPU
		{0122080B-B9A3-4929-8831-782180D94176}.Debug|x86.ActiveCfg = Debug|Any CPU
		{0122080B-B9A3-4929-8831-782180D94176}.Debug|x86.Build.0 = Debug|Any CPU
		{0122080B-B9A3-4929-8831-782180D94176}.Release|Any CPU.ActiveCfg = Release|Any CPU
		{0122080B-B9A3-4929-8831-782180D94176}.Release|Any CPU.Build.0 = Release|Any CPU
		{0122080B-B9A3-4929-8831-782180D94176}.Release|x64.ActiveCfg = Release|Any CPU
		{0122080B-B9A3-4929-8831-782180D94176}.Release|x64.Build.0 = Release|Any CPU
		{0122080B-B9A3-4929-8831-782180D94176}.Release|x86.ActiveCfg = Release|Any CPU
		{0122080B-B9A3-4929-8831-782180D94176}.Release|x86.Build.0 = Release|Any CPU
		{330DC863-BE06-4F4B-BF75-79ADB3D54014}.Debug|Any CPU.ActiveCfg = Debug|Any CPU
		{330DC863-BE06-4F4B-BF75-79ADB3D54014}.Debug|Any CPU.Build.0 = Debug|Any CPU
		{330DC863-BE06-4F4B-BF75-79ADB3D54014}.Debug|x64.ActiveCfg = Debug|Any CPU
		{330DC863-BE06-4F4B-BF75-79ADB3D54014}.Debug|x64.Build.0 = Debug|Any CPU
		{330DC863-BE06-4F4B-BF75-79ADB3D54014}.Debug|x86.ActiveCfg = Debug|Any CPU
		{330DC863-BE06-4F4B-BF75-79ADB3D54014}.Debug|x86.Build.0 = Debug|Any CPU
		{330DC863-BE06-4F4B-BF75-79ADB3D54014}.Release|Any CPU.ActiveCfg = Release|Any CPU
		{330DC863-BE06-4F4B-BF75-79ADB3D54014}.Release|Any CPU.Build.0 = Release|Any CPU
		{330DC863-BE06-4F4B-BF75-79ADB3D54014}.Release|x64.ActiveCfg = Release|Any CPU
		{330DC863-BE06-4F4B-BF75-79ADB3D54014}.Release|x64.Build.0 = Release|Any CPU
		{330DC863-BE06-4F4B-BF75-79ADB3D54014}.Release|x86.ActiveCfg = Release|Any CPU
		{330DC863-BE06-4F4B-BF75-79ADB3D54014}.Release|x86.Build.0 = Release|Any CPU
		{46D75D82-ECC7-4309-B47B-21487AC2AF99}.Debug|Any CPU.ActiveCfg = Debug|Any CPU
		{46D75D82-ECC7-4309-B47B-21487AC2AF99}.Debug|Any CPU.Build.0 = Debug|Any CPU
		{46D75D82-ECC7-4309-B47B-21487AC2AF99}.Debug|x64.ActiveCfg = Debug|Any CPU
		{46D75D82-ECC7-4309-B47B-21487AC2AF99}.Debug|x64.Build.0 = Debug|Any CPU
		{46D75D82-ECC7-4309-B47B-21487AC2AF99}.Debug|x86.ActiveCfg = Debug|Any CPU
		{46D75D82-ECC7-4309-B47B-21487AC2AF99}.Debug|x86.Build.0 = Debug|Any CPU
		{46D75D82-ECC7-4309-B47B-21487AC2AF99}.Release|Any CPU.ActiveCfg = Release|Any CPU
		{46D75D82-ECC7-4309-B47B-21487AC2AF99}.Release|Any CPU.Build.0 = Release|Any CPU
		{46D75D82-ECC7-4309-B47B-21487AC2AF99}.Release|x64.ActiveCfg = Release|Any CPU
		{46D75D82-ECC7-4309-B47B-21487AC2AF99}.Release|x64.Build.0 = Release|Any CPU
		{46D75D82-ECC7-4309-B47B-21487AC2AF99}.Release|x86.ActiveCfg = Release|Any CPU
		{46D75D82-ECC7-4309-B47B-21487AC2AF99}.Release|x86.Build.0 = Release|Any CPU
		{D88BD217-41EE-4BA2-9E9D-50E2F1C95578}.Debug|Any CPU.ActiveCfg = Debug|Any CPU
		{D88BD217-41EE-4BA2-9E9D-50E2F1C95578}.Debug|Any CPU.Build.0 = Debug|Any CPU
		{D88BD217-41EE-4BA2-9E9D-50E2F1C95578}.Debug|x64.ActiveCfg = Debug|Any CPU
		{D88BD217-41EE-4BA2-9E9D-50E2F1C95578}.Debug|x64.Build.0 = Debug|Any CPU
		{D88BD217-41EE-4BA2-9E9D-50E2F1C95578}.Debug|x86.ActiveCfg = Debug|Any CPU
		{D88BD217-41EE-4BA2-9E9D-50E2F1C95578}.Debug|x86.Build.0 = Debug|Any CPU
		{D88BD217-41EE-4BA2-9E9D-50E2F1C95578}.Release|Any CPU.ActiveCfg = Release|Any CPU
		{D88BD217-41EE-4BA2-9E9D-50E2F1C95578}.Release|Any CPU.Build.0 = Release|Any CPU
		{D88BD217-41EE-4BA2-9E9D-50E2F1C95578}.Release|x64.ActiveCfg = Release|Any CPU
		{D88BD217-41EE-4BA2-9E9D-50E2F1C95578}.Release|x64.Build.0 = Release|Any CPU
		{D88BD217-41EE-4BA2-9E9D-50E2F1C95578}.Release|x86.ActiveCfg = Release|Any CPU
		{D88BD217-41EE-4BA2-9E9D-50E2F1C95578}.Release|x86.Build.0 = Release|Any CPU
	EndGlobalSection
	GlobalSection(NestedProjects) = preSolution
		{78FCBF19-F74A-4BDD-BB01-1F34A7D6C6F2} = {7A1F8F8D-3A87-4615-AA9A-0D1148616782}
		{A385469C-5B4E-450C-9B8F-92C909896882} = {3CBA717E-B5DB-445A-B07A-75B9C49D7BCC}
		{0122080B-B9A3-4929-8831-782180D94176} = {85377C8E-E07D-4262-9BB1-5AB67840592B}
		{330DC863-BE06-4F4B-BF75-79ADB3D54014} = {53064305-812F-4F8F-9582-1241BDA45960}
		{46D75D82-ECC7-4309-B47B-21487AC2AF99} = {97F92710-9CEC-4DC1-920B-290336DADE93}
		{D88BD217-41EE-4BA2-9E9D-50E2F1C95578} = {DDC5A938-890C-480C-83CE-430B15A0624F}
	EndGlobalSection
EndGlobal
